
Microsoft Visual Studio Solution File, Format Version 12.00
# Visual Studio Version 17
VisualStudioVersion = 17.3.32929.385
MinimumVisualStudioVersion = 10.0.40219.1
Project("{9A19103F-16F7-4668-BE54-9A1E7A4F7556}") = "Culculator", "Culculator\Culculator.csproj", "{95A5DDE9-E7A1-4799-BF31-EE952B70AAB0}"
EndProject
Project("{9A19103F-16F7-4668-BE54-9A1E7A4F7556}") = "CulculatorTests", "CulculatorTests\CulculatorTests.csproj", "{9D1FF4BD-3356-4F77-85E7-C39E56272982}"
EndProject
Project("{FAE04EC0-301F-11D3-BF4B-00C04F79EFBC}") = "UserInterface", "UserInterface\UserInterface.csproj", "{9EB65191-175B-45BF-B70F-94BFFF0B6471}"
EndProject
Global
	GlobalSection(SolutionConfigurationPlatforms) = preSolution
		Debug|Any CPU = Debug|Any CPU
		Release|Any CPU = Release|Any CPU
	EndGlobalSection
	GlobalSection(ProjectConfigurationPlatforms) = postSolution
		{95A5DDE9-E7A1-4799-BF31-EE952B70AAB0}.Release|Any CPU.ActiveCfg = Release|Any CPU
		{95A5DDE9-E7A1-4799-BF31-EE952B70AAB0}.Release|Any CPU.Build.0 = Release|Any CPU
		{95A5DDE9-E7A1-4799-BF31-EE952B70AAB0}.Debug|Any CPU.ActiveCfg = Debug|Any CPU
		{95A5DDE9-E7A1-4799-BF31-EE952B70AAB0}.Debug|Any CPU.Build.0 = Debug|Any CPU
		{9D1FF4BD-3356-4F77-85E7-C39E56272982}.Release|Any CPU.ActiveCfg = Release|Any CPU
		{9D1FF4BD-3356-4F77-85E7-C39E56272982}.Release|Any CPU.Build.0 = Release|Any CPU
		{9D1FF4BD-3356-4F77-85E7-C39E56272982}.Debug|Any CPU.ActiveCfg = Debug|Any CPU
		{9D1FF4BD-3356-4F77-85E7-C39E56272982}.Debug|Any CPU.Build.0 = Debug|Any CPU
		{9EB65191-175B-45BF-B70F-94BFFF0B6471}.Release|Any CPU.ActiveCfg = Release|Any CPU
		{9EB65191-175B-45BF-B70F-94BFFF0B6471}.Release|Any CPU.Build.0 = Release|Any CPU
		{9EB65191-175B-45BF-B70F-94BFFF0B6471}.Debug|Any CPU.ActiveCfg = Debug|Any CPU
		{9EB65191-175B-45BF-B70F-94BFFF0B6471}.Debug|Any CPU.Build.0 = Debug|Any CPU
	EndGlobalSection
	GlobalSection(SolutionProperties) = preSolution
		HideSolutionNode = FALSE
	EndGlobalSection
	GlobalSection(ExtensibilityGlobals) = postSolution
		SolutionGuid = {DFDFF185-3767-4B8E-A25D-FD539F7AB5BC}
	EndGlobalSection
EndGlobal
